
Microsoft Visual Studio Solution File, Format Version 12.00
# Visual Studio Version 17
VisualStudioVersion = 17.13.35919.96 d17.13
MinimumVisualStudioVersion = 10.0.40219.1
Project("{FAE04EC0-301F-11D3-BF4B-00C04F79EFBC}") = "Ych2", "Ych2\Ych2.csproj", "{13BDA175-FA79-481F-8E0A-90A3FE6FF0B0}"
EndProject
Global
	GlobalSection(SolutionConfigurationPlatforms) = preSolution
		Debug|Any CPU = Debug|Any CPU
		Release|Any CPU = Release|Any CPU
	EndGlobalSection
	GlobalSection(ProjectConfigurationPlatforms) = postSolution
		{13BDA175-FA79-481F-8E0A-90A3FE6FF0B0}.Debug|Any CPU.ActiveCfg = Debug|Any CPU
		{13BDA175-FA79-481F-8E0A-90A3FE6FF0B0}.Debug|Any CPU.Build.0 = Debug|Any CPU
		{13BDA175-FA79-481F-8E0A-90A3FE6FF0B0}.Release|Any CPU.ActiveCfg = Release|Any CPU
		{13BDA175-FA79-481F-8E0A-90A3FE6FF0B0}.Release|Any CPU.Build.0 = Release|Any CPU
	EndGlobalSection
	GlobalSection(SolutionProperties) = preSolution
		HideSolutionNode = FALSE
	EndGlobalSection
	GlobalSection(ExtensibilityGlobals) = postSolution
		SolutionGuid = {8C411942-8C8B-4284-985C-F1E1AA8317F0}
	EndGlobalSection
EndGlobal
